// !$*UTF8*$!
{
	archiveVersion = 1;
	objectVersion = 56;
	objects = {

/* Begin PBXBuildFile section */
		B20000000000000000000001 /* AMRCodecBridge.cpp in Sources */ = {isa = PBXBuildFile; fileRef = B10000000000000000000001; };
		B20000000000000000000002 /* opencore-amr-master/opencore/codecs_v2/audio/gsm_amr/amr_nb/dec/src/agc.cpp in Sources */ = {isa = PBXBuildFile; fileRef = B10000000000000000000002; };
		B20000000000000000000003 /* opencore-amr-master/opencore/codecs_v2/audio/gsm_amr/amr_nb/dec/src/amrdecode.cpp in Sources */ = {isa = PBXBuildFile; fileRef = B10000000000000000000003; };
		B20000000000000000000004 /* opencore-amr-master/opencore/codecs_v2/audio/gsm_amr/amr_nb/dec/src/a_refl.cpp in Sources */ = {isa = PBXBuildFile; fileRef = B10000000000000000000004; };
		B20000000000000000000005 /* opencore-amr-master/opencore/codecs_v2/audio/gsm_amr/amr_nb/dec/src/b_cn_cod.cpp in Sources */ = {isa = PBXBuildFile; fileRef = B10000000000000000000005; };
		B20000000000000000000006 /* opencore-amr-master/opencore/codecs_v2/audio/gsm_amr/amr_nb/dec/src/bgnscd.cpp in Sources */ = {isa = PBXBuildFile; fileRef = B10000000000000000000006; };
		B20000000000000000000007 /* opencore-amr-master/opencore/codecs_v2/audio/gsm_amr/amr_nb/dec/src/c_g_aver.cpp in Sources */ = {isa = PBXBuildFile; fileRef = B10000000000000000000007; };
		B20000000000000000000008 /* opencore-amr-master/opencore/codecs_v2/audio/gsm_amr/amr_nb/dec/src/d1035pf.cpp in Sources */ = {isa = PBXBuildFile; fileRef = B10000000000000000000008; };
		B20000000000000000000009 /* opencore-amr-master/opencore/codecs_v2/audio/gsm_amr/amr_nb/dec/src/d2_11pf.cpp in Sources */ = {isa = PBXBuildFile; fileRef = B10000000000000000000009; };
		B2000000000000000000000A /* opencore-amr-master/opencore/codecs_v2/audio/gsm_amr/amr_nb/dec/src/d2_9pf.cpp in Sources */ = {isa = PBXBuildFile; fileRef = B1000000000000000000000A; };
		B2000000000000000000000B /* opencore-amr-master/opencore/codecs_v2/audio/gsm_amr/amr_nb/dec/src/d3_14pf.cpp in Sources */ = {isa = PBXBuildFile; fileRef = B1000000000000000000000B; };
		B2000000000000000000000C /* opencore-amr-master/opencore/codecs_v2/audio/gsm_amr/amr_nb/dec/src/d4_17pf.cpp in Sources */ = {isa = PBXBuildFile; fileRef = B1000000000000000000000C; };
		B2000000000000000000000D /* opencore-amr-master/opencore/codecs_v2/audio/gsm_amr/amr_nb/dec/src/d8_31pf.cpp in Sources */ = {isa = PBXBuildFile; fileRef = B1000000000000000000000D; };
		B2000000000000000000000E /* opencore-amr-master/opencore/codecs_v2/audio/gsm_amr/amr_nb/dec/src/dec_amr.cpp in Sources */ = {isa = PBXBuildFile; fileRef = B1000000000000000000000E; };
		B2000000000000000000000F /* opencore-amr-master/opencore/codecs_v2/audio/gsm_amr/amr_nb/dec/src/dec_gain.cpp in Sources */ = {isa = PBXBuildFile; fileRef = B1000000000000000000000F; };
		B20000000000000000000010 /* opencore-amr-master/opencore/codecs_v2/audio/gsm_amr/amr_nb/dec/src/dec_input_format_tab.cpp in Sources */ = {isa = PBXBuildFile; fileRef = B10000000000000000000010; };
		B20000000000000000000011 /* opencore-amr-master/opencore/codecs_v2/audio/gsm_amr/amr_nb/dec/src/dec_lag3.cpp in Sources */ = {isa = PBXBuildFile; fileRef = B10000000000000000000011; };
		B20000000000000000000012 /* opencore-amr-master/opencore/codecs_v2/audio/gsm_amr/amr_nb/dec/src/dec_lag6.cpp in Sources */ = {isa = PBXBuildFile; fileRef = B10000000000000000000012; };
		B20000000000000000000013 /* opencore-amr-master/opencore/codecs_v2/audio/gsm_amr/amr_nb/dec/src/d_gain_c.cpp in Sources */ = {isa = PBXBuildFile; fileRef = B10000000000000000000013; };
		B20000000000000000000014 /* opencore-amr-master/opencore/codecs_v2/audio/gsm_amr/amr_nb/dec/src/d_gain_p.cpp in Sources */ = {isa = PBXBuildFile; fileRef = B10000000000000000000014; };
		B20000000000000000000015 /* opencore-amr-master/opencore/codecs_v2/audio/gsm_amr/amr_nb/dec/src/d_plsf_3.cpp in Sources */ = {isa = PBXBuildFile; fileRef = B10000000000000000000015; };
		B20000000000000000000016 /* opencore-amr-master/opencore/codecs_v2/audio/gsm_amr/amr_nb/dec/src/d_plsf_5.cpp in Sources */ = {isa = PBXBuildFile; fileRef = B10000000000000000000016; };
		B20000000000000000000017 /* opencore-amr-master/opencore/codecs_v2/audio/gsm_amr/amr_nb/dec/src/d_plsf.cpp in Sources */ = {isa = PBXBuildFile; fileRef = B10000000000000000000017; };
		B20000000000000000000018 /* opencore-amr-master/opencore/codecs_v2/audio/gsm_amr/amr_nb/dec/src/dtx_dec.cpp in Sources */ = {isa = PBXBuildFile; fileRef = B10000000000000000000018; };
		B20000000000000000000019 /* opencore-amr-master/opencore/codecs_v2/audio/gsm_amr/amr_nb/dec/src/ec_gains.cpp in Sources */ = {isa = PBXBuildFile; fileRef = B10000000000000000000019; };
		B2000000000000000000001A /* opencore-amr-master/opencore/codecs_v2/audio/gsm_amr/amr_nb/dec/src/ex_ctrl.cpp in Sources */ = {isa = PBXBuildFile; fileRef = B1000000000000000000001A; };
		B2000000000000000000001B /* opencore-amr-master/opencore/codecs_v2/audio/gsm_amr/amr_nb/dec/src/if2_to_ets.cpp in Sources */ = {isa = PBXBuildFile; fileRef = B1000000000000000000001B; };
		B2000000000000000000001C /* opencore-amr-master/opencore/codecs_v2/audio/gsm_amr/amr_nb/dec/src/int_lsf.cpp in Sources */ = {isa = PBXBuildFile; fileRef = B1000000000000000000001C; };
		B2000000000000000000001D /* opencore-amr-master/opencore/codecs_v2/audio/gsm_amr/amr_nb/dec/src/lsp_avg.cpp in Sources */ = {isa = PBXBuildFile; fileRef = B1000000000000000000001D; };
		B2000000000000000000001E /* opencore-amr-master/opencore/codecs_v2/audio/gsm_amr/amr_nb/dec/src/ph_disp.cpp in Sources */ = {isa = PBXBuildFile; fileRef = B1000000000000000000001E; };
		B2000000000000000000001F /* opencore-amr-master/opencore/codecs_v2/audio/gsm_amr/amr_nb/dec/src/post_pro.cpp in Sources */ = {isa = PBXBuildFile; fileRef = B1000000000000000000001F; };
		B20000000000000000000020 /* opencore-amr-master/opencore/codecs_v2/audio/gsm_amr/amr_nb/dec/src/preemph.cpp in Sources */ = {isa = PBXBuildFile; fileRef = B10000000000000000000020; };
		B20000000000000000000021 /* opencore-amr-master/opencore/codecs_v2/audio/gsm_amr/amr_nb/dec/src/pstfilt.cpp in Sources */ = {isa = PBXBuildFile; fileRef = B10000000000000000000021; };
		B20000000000000000000022 /* opencore-amr-master/opencore/codecs_v2/audio/gsm_amr/amr_nb/dec/src/qgain475_tab.cpp in Sources */ = {isa = PBXBuildFile; fileRef = B10000000000000000000022; };
		B20000000000000000000023 /* opencore-amr-master/opencore/codecs_v2/audio/gsm_amr/amr_nb/dec/src/sp_dec.cpp in Sources */ = {isa = PBXBuildFile; fileRef = B10000000000000000000023; };
		B20000000000000000000024 /* opencore-amr-master/opencore/codecs_v2/audio/gsm_amr/amr_nb/dec/src/wmf_to_ets.cpp in Sources */ = {isa = PBXBuildFile; fileRef = B10000000000000000000024; };
		B20000000000000000000025 /* opencore-amr-master/opencore/codecs_v2/audio/gsm_amr/amr_nb/enc/src/amrencode.cpp in Sources */ = {isa = PBXBuildFile; fileRef = B10000000000000000000025; };
		B20000000000000000000026 /* opencore-amr-master/opencore/codecs_v2/audio/gsm_amr/amr_nb/enc/src/autocorr.cpp in Sources */ = {isa = PBXBuildFile; fileRef = B10000000000000000000026; };
		B20000000000000000000027 /* opencore-amr-master/opencore/codecs_v2/audio/gsm_amr/amr_nb/enc/src/c1035pf.cpp in Sources */ = {isa = PBXBuildFile; fileRef = B10000000000000000000027; };
		B20000000000000000000028 /* opencore-amr-master/opencore/codecs_v2/audio/gsm_amr/amr_nb/enc/src/c2_11pf.cpp in Sources */ = {isa = PBXBuildFile; fileRef = B10000000000000000000028; };
		B20000000000000000000029 /* opencore-amr-master/opencore/codecs_v2/audio/gsm_amr/amr_nb/enc/src/c2_9pf.cpp in Sources */ = {isa = PBXBuildFile; fileRef = B10000000000000000000029; };
		B2000000000000000000002A /* opencore-amr-master/opencore/codecs_v2/audio/gsm_amr/amr_nb/enc/src/c3_14pf.cpp in Sources */ = {isa = PBXBuildFile; fileRef = B1000000000000000000002A; };
		B2000000000000000000002B /* opencore-amr-master/opencore/codecs_v2/audio/gsm_amr/amr_nb/enc/src/c4_17pf.cpp in Sources */ = {isa = PBXBuildFile; fileRef = B1000000000000000000002B; };
		B2000000000000000000002C /* opencore-amr-master/opencore/codecs_v2/audio/gsm_amr/amr_nb/enc/src/c8_31pf.cpp in Sources */ = {isa = PBXBuildFile; fileRef = B1000000000000000000002C; };
		B2000000000000000000002D /* opencore-amr-master/opencore/codecs_v2/audio/gsm_amr/amr_nb/enc/src/calc_cor.cpp in Sources */ = {isa = PBXBuildFile; fileRef = B1000000000000000000002D; };
		B2000000000000000000002E /* opencore-amr-master/opencore/codecs_v2/audio/gsm_amr/amr_nb/enc/src/calc_en.cpp in Sources */ = {isa = PBXBuildFile; fileRef = B1000000000000000000002E; };
		B2000000000000000000002F /* opencore-amr-master/opencore/codecs_v2/audio/gsm_amr/amr_nb/enc/src/cbsearch.cpp in Sources */ = {isa = PBXBuildFile; fileRef = B1000000000000000000002F; };
		B20000000000000000000030 /* opencore-amr-master/opencore/codecs_v2/audio/gsm_amr/amr_nb/enc/src/cl_ltp.cpp in Sources */ = {isa = PBXBuildFile; fileRef = B10000000000000000000030; };
		B20000000000000000000031 /* opencore-amr-master/opencore/codecs_v2/audio/gsm_amr/amr_nb/enc/src/cod_amr.cpp in Sources */ = {isa = PBXBuildFile; fileRef = B10000000000000000000031; };
		B20000000000000000000032 /* opencore-amr-master/opencore/codecs_v2/audio/gsm_amr/amr_nb/enc/src/convolve.cpp in Sources */ = {isa = PBXBuildFile; fileRef = B10000000000000000000032; };
		B20000000000000000000033 /* opencore-amr-master/opencore/codecs_v2/audio/gsm_amr/amr_nb/enc/src/cor_h.cpp in Sources */ = {isa = PBXBuildFile; fileRef = B10000000000000000000033; };
		B20000000000000000000034 /* opencore-amr-master/opencore/codecs_v2/audio/gsm_amr/amr_nb/enc/src/cor_h_x2.cpp in Sources */ = {isa = PBXBuildFile; fileRef = B10000000000000000000034; };
		B20000000000000000000035 /* opencore-amr-master/opencore/codecs_v2/audio/gsm_amr/amr_nb/enc/src/cor_h_x.cpp in Sources */ = {isa = PBXBuildFile; fileRef = B10000000000000000000035; };
		B20000000000000000000036 /* opencore-amr-master/opencore/codecs_v2/audio/gsm_amr/amr_nb/enc/src/corrwght_tab.cpp in Sources */ = {isa = PBXBuildFile; fileRef = B10000000000000000000036; };
		B20000000000000000000037 /* opencore-amr-master/opencore/codecs_v2/audio/gsm_amr/amr_nb/enc/src/div_32.cpp in Sources */ = {isa = PBXBuildFile; fileRef = B10000000000000000000037; };
		B20000000000000000000038 /* opencore-amr-master/opencore/codecs_v2/audio/gsm_amr/amr_nb/enc/src/dtx_enc.cpp in Sources */ = {isa = PBXBuildFile; fileRef = B10000000000000000000038; };
		B20000000000000000000039 /* opencore-amr-master/opencore/codecs_v2/audio/gsm_amr/amr_nb/enc/src/enc_lag3.cpp in Sources */ = {isa = PBXBuildFile; fileRef = B10000000000000000000039; };
		B2000000000000000000003A /* opencore-amr-master/opencore/codecs_v2/audio/gsm_amr/amr_nb/enc/src/enc_lag6.cpp in Sources */ = {isa = PBXBuildFile; fileRef = B1000000000000000000003A; };
		B2000000000000000000003B /* opencore-amr-master/opencore/codecs_v2/audio/gsm_amr/amr_nb/enc/src/enc_output_format_tab.cpp in Sources */ = {isa = PBXBuildFile; fileRef = B1000000000000000000003B; };
		B2000000000000000000003C /* opencore-amr-master/opencore/codecs_v2/audio/gsm_amr/amr_nb/enc/src/ets_to_if2.cpp in Sources */ = {isa = PBXBuildFile; fileRef = B1000000000000000000003C; };
		B2000000000000000000003D /* opencore-amr-master/opencore/codecs_v2/audio/gsm_amr/amr_nb/enc/src/ets_to_wmf.cpp in Sources */ = {isa = PBXBuildFile; fileRef = B1000000000000000000003D; };
		B2000000000000000000003E /* opencore-amr-master/opencore/codecs_v2/audio/gsm_amr/amr_nb/enc/src/g_adapt.cpp in Sources */ = {isa = PBXBuildFile; fileRef = B1000000000000000000003E; };
		B2000000000000000000003F /* opencore-amr-master/opencore/codecs_v2/audio/gsm_amr/amr_nb/enc/src/gain_q.cpp in Sources */ = {isa = PBXBuildFile; fileRef = B1000000000000000000003F; };
		B20000000000000000000040 /* opencore-amr-master/opencore/codecs_v2/audio/gsm_amr/amr_nb/enc/src/g_code.cpp in Sources */ = {isa = PBXBuildFile; fileRef = B10000000000000000000040; };
		B20000000000000000000041 /* opencore-amr-master/opencore/codecs_v2/audio/gsm_amr/amr_nb/enc/src/g_pitch.cpp in Sources */ = {isa = PBXBuildFile; fileRef = B10000000000000000000041; };
		B20000000000000000000042 /* opencore-amr-master/opencore/codecs_v2/audio/gsm_amr/amr_nb/enc/src/hp_max.cpp in Sources */ = {isa = PBXBuildFile; fileRef = B10000000000000000000042; };
		B20000000000000000000043 /* opencore-amr-master/opencore/codecs_v2/audio/gsm_amr/amr_nb/enc/src/inter_36.cpp in Sources */ = {isa = PBXBuildFile; fileRef = B10000000000000000000043; };
		B20000000000000000000044 /* opencore-amr-master/opencore/codecs_v2/audio/gsm_amr/amr_nb/enc/src/inter_36_tab.cpp in Sources */ = {isa = PBXBuildFile; fileRef = B10000000000000000000044; };
		B20000000000000000000045 /* opencore-amr-master/opencore/codecs_v2/audio/gsm_amr/amr_nb/enc/src/l_abs.cpp in Sources */ = {isa = PBXBuildFile; fileRef = B10000000000000000000045; };
		B20000000000000000000046 /* opencore-amr-master/opencore/codecs_v2/audio/gsm_amr/amr_nb/enc/src/lag_wind.cpp in Sources */ = {isa = PBXBuildFile; fileRef = B10000000000000000000046; };
		B20000000000000000000047 /* opencore-amr-master/opencore/codecs_v2/audio/gsm_amr/amr_nb/enc/src/lag_wind_tab.cpp in Sources */ = {isa = PBXBuildFile; fileRef = B10000000000000000000047; };
		B20000000000000000000048 /* opencore-amr-master/opencore/codecs_v2/audio/gsm_amr/amr_nb/enc/src/l_comp.cpp in Sources */ = {isa = PBXBuildFile; fileRef = B10000000000000000000048; };
		B20000000000000000000049 /* opencore-amr-master/opencore/codecs_v2/audio/gsm_amr/amr_nb/enc/src/levinson.cpp in Sources */ = {isa = PBXBuildFile; fileRef = B10000000000000000000049; };
		B2000000000000000000004A /* opencore-amr-master/opencore/codecs_v2/audio/gsm_amr/amr_nb/enc/src/l_extract.cpp in Sources */ = {isa = PBXBuildFile; fileRef = B1000000000000000000004A; };
		B2000000000000000000004B /* opencore-amr-master/opencore/codecs_v2/audio/gsm_amr/amr_nb/enc/src/lflg_upd.cpp in Sources */ = {isa = PBXBuildFile; fileRef = B1000000000000000000004B; };
		B2000000000000000000004C /* opencore-amr-master/opencore/codecs_v2/audio/gsm_amr/amr_nb/enc/src/l_negate.cpp in Sources */ = {isa = PBXBuildFile; fileRef = B1000000000000000000004C; };
		B2000000000000000000004D /* opencore-amr-master/opencore/codecs_v2/audio/gsm_amr/amr_nb/enc/src/lpc.cpp in Sources */ = {isa = PBXBuildFile; fileRef = B1000000000000000000004D; };
		B2000000000000000000004E /* opencore-amr-master/opencore/codecs_v2/audio/gsm_amr/amr_nb/enc/src/ol_ltp.cpp in Sources */ = {isa = PBXBuildFile; fileRef = B1000000000000000000004E; };
		B2000000000000000000004F /* opencore-amr-master/opencore/codecs_v2/audio/gsm_amr/amr_nb/enc/src/pitch_fr.cpp in Sources */ = {isa = PBXBuildFile; fileRef = B1000000000000000000004F; };
		B20000000000000000000050 /* opencore-amr-master/opencore/codecs_v2/audio/gsm_amr/amr_nb/enc/src/pitch_ol.cpp in Sources */ = {isa = PBXBuildFile; fileRef = B10000000000000000000050; };
		B20000000000000000000051 /* opencore-amr-master/opencore/codecs_v2/audio/gsm_amr/amr_nb/enc/src/p_ol_wgh.cpp in Sources */ = {isa = PBXBuildFile; fileRef = B10000000000000000000051; };
		B20000000000000000000052 /* opencore-amr-master/opencore/codecs_v2/audio/gsm_amr/amr_nb/enc/src/pre_big.cpp in Sources */ = {isa = PBXBuildFile; fileRef = B10000000000000000000052; };
		B20000000000000000000053 /* opencore-amr-master/opencore/codecs_v2/audio/gsm_amr/amr_nb/enc/src/pre_proc.cpp in Sources */ = {isa = PBXBuildFile; fileRef = B10000000000000000000053; };
		B20000000000000000000054 /* opencore-amr-master/opencore/codecs_v2/audio/gsm_amr/amr_nb/enc/src/prm2bits.cpp in Sources */ = {isa = PBXBuildFile; fileRef = B10000000000000000000054; };
		B20000000000000000000055 /* opencore-amr-master/opencore/codecs_v2/audio/gsm_amr/amr_nb/enc/src/qgain475.cpp in Sources */ = {isa = PBXBuildFile; fileRef = B10000000000000000000055; };
		B20000000000000000000056 /* opencore-amr-master/opencore/codecs_v2/audio/gsm_amr/amr_nb/enc/src/qgain795.cpp in Sources */ = {isa = PBXBuildFile; fileRef = B10000000000000000000056; };
		B20000000000000000000057 /* opencore-amr-master/opencore/codecs_v2/audio/gsm_amr/amr_nb/enc/src/q_gain_c.cpp in Sources */ = {isa = PBXBuildFile; fileRef = B10000000000000000000057; };
		B20000000000000000000058 /* opencore-amr-master/opencore/codecs_v2/audio/gsm_amr/amr_nb/enc/src/q_gain_p.cpp in Sources */ = {isa = PBXBuildFile; fileRef = B10000000000000000000058; };
		B20000000000000000000059 /* opencore-amr-master/opencore/codecs_v2/audio/gsm_amr/amr_nb/enc/src/qua_gain.cpp in Sources */ = {isa = PBXBuildFile; fileRef = B10000000000000000000059; };
		B2000000000000000000005A /* opencore-amr-master/opencore/codecs_v2/audio/gsm_amr/amr_nb/enc/src/s10_8pf.cpp in Sources */ = {isa = PBXBuildFile; fileRef = B1000000000000000000005A; };
		B2000000000000000000005B /* opencore-amr-master/opencore/codecs_v2/audio/gsm_amr/amr_nb/enc/src/set_sign.cpp in Sources */ = {isa = PBXBuildFile; fileRef = B1000000000000000000005B; };
		B2000000000000000000005C /* opencore-amr-master/opencore/codecs_v2/audio/gsm_amr/amr_nb/enc/src/sid_sync.cpp in Sources */ = {isa = PBXBuildFile; fileRef = B1000000000000000000005C; };
		B2000000000000000000005D /* opencore-amr-master/opencore/codecs_v2/audio/gsm_amr/amr_nb/enc/src/sp_enc.cpp in Sources */ = {isa = PBXBuildFile; fileRef = B1000000000000000000005D; };
		B2000000000000000000005E /* opencore-amr-master/opencore/codecs_v2/audio/gsm_amr/amr_nb/enc/src/spreproc.cpp in Sources */ = {isa = PBXBuildFile; fileRef = B1000000000000000000005E; };
		B2000000000000000000005F /* opencore-amr-master/opencore/codecs_v2/audio/gsm_amr/amr_nb/enc/src/spstproc.cpp in Sources */ = {isa = PBXBuildFile; fileRef = B1000000000000000000005F; };
		B20000000000000000000060 /* opencore-amr-master/opencore/codecs_v2/audio/gsm_amr/amr_nb/enc/src/ton_stab.cpp in Sources */ = {isa = PBXBuildFile; fileRef = B10000000000000000000060; };
		B20000000000000000000061 /* opencore-amr-master/opencore/codecs_v2/audio/gsm_amr/amr_nb/enc/src/vad1.cpp in Sources */ = {isa = PBXBuildFile; fileRef = B10000000000000000000061; };
		B20000000000000000000062 /* opencore-amr-master/opencore/codecs_v2/audio/gsm_amr/amr_nb/common/src/add.cpp in Sources */ = {isa = PBXBuildFile; fileRef = B10000000000000000000062; };
		B20000000000000000000063 /* opencore-amr-master/opencore/codecs_v2/audio/gsm_amr/amr_nb/common/src/az_lsp.cpp in Sources */ = {isa = PBXBuildFile; fileRef = B10000000000000000000063; };
		B20000000000000000000064 /* opencore-amr-master/opencore/codecs_v2/audio/gsm_amr/amr_nb/common/src/bitno_tab.cpp in Sources */ = {isa = PBXBuildFile; fileRef = B10000000000000000000064; };
		B20000000000000000000065 /* opencore-amr-master/opencore/codecs_v2/audio/gsm_amr/amr_nb/common/src/bitreorder_tab.cpp in Sources */ = {isa = PBXBuildFile; fileRef = B10000000000000000000065; };
		B20000000000000000000066 /* opencore-amr-master/opencore/codecs_v2/audio/gsm_amr/amr_nb/common/src/c2_9pf_tab.cpp in Sources */ = {isa = PBXBuildFile; fileRef = B10000000000000000000066; };
		B20000000000000000000067 /* opencore-amr-master/opencore/codecs_v2/audio/gsm_amr/amr_nb/common/src/div_s.cpp in Sources */ = {isa = PBXBuildFile; fileRef = B10000000000000000000067; };
		B20000000000000000000068 /* opencore-amr-master/opencore/codecs_v2/audio/gsm_amr/amr_nb/common/src/extract_h.cpp in Sources */ = {isa = PBXBuildFile; fileRef = B10000000000000000000068; };
		B20000000000000000000069 /* opencore-amr-master/opencore/codecs_v2/audio/gsm_amr/amr_nb/common/src/extract_l.cpp in Sources */ = {isa = PBXBuildFile; fileRef = B10000000000000000000069; };
		B2000000000000000000006A /* opencore-amr-master/opencore/codecs_v2/audio/gsm_amr/amr_nb/common/src/gains_tbl.cpp in Sources */ = {isa = PBXBuildFile; fileRef = B1000000000000000000006A; };
		B2000000000000000000006B /* opencore-amr-master/opencore/codecs_v2/audio/gsm_amr/amr_nb/common/src/gc_pred.cpp in Sources */ = {isa = PBXBuildFile; fileRef = B1000000000000000000006B; };
		B2000000000000000000006C /* opencore-amr-master/opencore/codecs_v2/audio/gsm_amr/amr_nb/common/src/get_const_tbls.cpp in Sources */ = {isa = PBXBuildFile; fileRef = B1000000000000000000006C; };
		B2000000000000000000006D /* opencore-amr-master/opencore/codecs_v2/audio/gsm_amr/amr_nb/common/src/gmed_n.cpp in Sources */ = {isa = PBXBuildFile; fileRef = B1000000000000000000006D; };
		B2000000000000000000006E /* opencore-amr-master/opencore/codecs_v2/audio/gsm_amr/amr_nb/common/src/gray_tbl.cpp in Sources */ = {isa = PBXBuildFile; fileRef = B1000000000000000000006E; };
		B2000000000000000000006F /* opencore-amr-master/opencore/codecs_v2/audio/gsm_amr/amr_nb/common/src/grid_tbl.cpp in Sources */ = {isa = PBXBuildFile; fileRef = B1000000000000000000006F; };
		B20000000000000000000070 /* opencore-amr-master/opencore/codecs_v2/audio/gsm_amr/amr_nb/common/src/int_lpc.cpp in Sources */ = {isa = PBXBuildFile; fileRef = B10000000000000000000070; };
		B20000000000000000000071 /* opencore-amr-master/opencore/codecs_v2/audio/gsm_amr/amr_nb/common/src/inv_sqrt.cpp in Sources */ = {isa = PBXBuildFile; fileRef = B10000000000000000000071; };
		B20000000000000000000072 /* opencore-amr-master/opencore/codecs_v2/audio/gsm_amr/amr_nb/common/src/inv_sqrt_tbl.cpp in Sources */ = {isa = PBXBuildFile; fileRef = B10000000000000000000072; };
		B20000000000000000000073 /* opencore-amr-master/opencore/codecs_v2/audio/gsm_amr/amr_nb/common/src/l_deposit_h.cpp in Sources */ = {isa = PBXBuildFile; fileRef = B10000000000000000000073; };
		B20000000000000000000074 /* opencore-amr-master/opencore/codecs_v2/audio/gsm_amr/amr_nb/common/src/l_deposit_l.cpp in Sources */ = {isa = PBXBuildFile; fileRef = B10000000000000000000074; };
		B20000000000000000000075 /* opencore-amr-master/opencore/codecs_v2/audio/gsm_amr/amr_nb/common/src/log2.cpp in Sources */ = {isa = PBXBuildFile; fileRef = B10000000000000000000075; };
		B20000000000000000000076 /* opencore-amr-master/opencore/codecs_v2/audio/gsm_amr/amr_nb/common/src/log2_norm.cpp in Sources */ = {isa = PBXBuildFile; fileRef = B10000000000000000000076; };
		B20000000000000000000077 /* opencore-amr-master/opencore/codecs_v2/audio/gsm_amr/amr_nb/common/src/log2_tbl.cpp in Sources */ = {isa = PBXBuildFile; fileRef = B10000000000000000000077; };
		B20000000000000000000078 /* opencore-amr-master/opencore/codecs_v2/audio/gsm_amr/amr_nb/common/src/lsfwt.cpp in Sources */ = {isa = PBXBuildFile; fileRef = B10000000000000000000078; };
		B20000000000000000000079 /* opencore-amr-master/opencore/codecs_v2/audio/gsm_amr/amr_nb/common/src/l_shr_r.cpp in Sources */ = {isa = PBXBuildFile; fileRef = B10000000000000000000079; };
		B2000000000000000000007A /* opencore-amr-master/opencore/codecs_v2/audio/gsm_amr/amr_nb/common/src/lsp_az.cpp in Sources */ = {isa = PBXBuildFile; fileRef = B1000000000000000000007A; };
		B2000000000000000000007B /* opencore-amr-master/opencore/codecs_v2/audio/gsm_amr/amr_nb/common/src/lsp.cpp in Sources */ = {isa = PBXBuildFile; fileRef = B1000000000000000000007B; };
		B2000000000000000000007C /* opencore-amr-master/opencore/codecs_v2/audio/gsm_amr/amr_nb/common/src/lsp_lsf.cpp in Sources */ = {isa = PBXBuildFile; fileRef = B1000000000000000000007C; };
		B2000000000000000000007D /* opencore-amr-master/opencore/codecs_v2/audio/gsm_amr/amr_nb/common/src/lsp_lsf_tbl.cpp in Sources */ = {isa = PBXBuildFile; fileRef = B1000000000000000000007D; };
		B2000000000000000000007E /* opencore-amr-master/opencore/codecs_v2/audio/gsm_amr/amr_nb/common/src/lsp_tab.cpp in Sources */ = {isa = PBXBuildFile; fileRef = B1000000000000000000007E; };
		B2000000000000000000007F /* opencore-amr-master/opencore/codecs_v2/audio/gsm_amr/amr_nb/common/src/mult_r.cpp in Sources */ = {isa = PBXBuildFile; fileRef = B1000000000000000000007F; };
		B20000000000000000000080 /* opencore-amr-master/opencore/codecs_v2/audio/gsm_amr/amr_nb/common/src/negate.cpp in Sources */ = {isa = PBXBuildFile; fileRef = B10000000000000000000080; };
		B20000000000000000000081 /* opencore-amr-master/opencore/codecs_v2/audio/gsm_amr/amr_nb/common/src/norm_l.cpp in Sources */ = {isa = PBXBuildFile; fileRef = B10000000000000000000081; };
		B20000000000000000000082 /* opencore-amr-master/opencore/codecs_v2/audio/gsm_amr/amr_nb/common/src/norm_s.cpp in Sources */ = {isa = PBXBuildFile; fileRef = B10000000000000000000082; };
		B20000000000000000000083 /* opencore-amr-master/opencore/codecs_v2/audio/gsm_amr/amr_nb/common/src/overflow_tbl.cpp in Sources */ = {isa = PBXBuildFile; fileRef = B10000000000000000000083; };
		B20000000000000000000084 /* opencore-amr-master/opencore/codecs_v2/audio/gsm_amr/amr_nb/common/src/ph_disp_tab.cpp in Sources */ = {isa = PBXBuildFile; fileRef = B10000000000000000000084; };
		B20000000000000000000085 /* opencore-amr-master/opencore/codecs_v2/audio/gsm_amr/amr_nb/common/src/pow2.cpp in Sources */ = {isa = PBXBuildFile; fileRef = B10000000000000000000085; };
		B20000000000000000000086 /* opencore-amr-master/opencore/codecs_v2/audio/gsm_amr/amr_nb/common/src/pow2_tbl.cpp in Sources */ = {isa = PBXBuildFile; fileRef = B10000000000000000000086; };
		B20000000000000000000087 /* opencore-amr-master/opencore/codecs_v2/audio/gsm_amr/amr_nb/common/src/pred_lt.cpp in Sources */ = {isa = PBXBuildFile; fileRef = B10000000000000000000087; };
		B20000000000000000000088 /* opencore-amr-master/opencore/codecs_v2/audio/gsm_amr/amr_nb/common/src/q_plsf_3.cpp in Sources */ = {isa = PBXBuildFile; fileRef = B10000000000000000000088; };
		B20000000000000000000089 /* opencore-amr-master/opencore/codecs_v2/audio/gsm_amr/amr_nb/common/src/q_plsf_3_tbl.cpp in Sources */ = {isa = PBXBuildFile; fileRef = B10000000000000000000089; };
		B2000000000000000000008A /* opencore-amr-master/opencore/codecs_v2/audio/gsm_amr/amr_nb/common/src/q_plsf_5.cpp in Sources */ = {isa = PBXBuildFile; fileRef = B1000000000000000000008A; };
		B2000000000000000000008B /* opencore-amr-master/opencore/codecs_v2/audio/gsm_amr/amr_nb/common/src/q_plsf_5_tbl.cpp in Sources */ = {isa = PBXBuildFile; fileRef = B1000000000000000000008B; };
		B2000000000000000000008C /* opencore-amr-master/opencore/codecs_v2/audio/gsm_amr/amr_nb/common/src/q_plsf.cpp in Sources */ = {isa = PBXBuildFile; fileRef = B1000000000000000000008C; };
		B2000000000000000000008D /* opencore-amr-master/opencore/codecs_v2/audio/gsm_amr/amr_nb/common/src/qua_gain_tbl.cpp in Sources */ = {isa = PBXBuildFile; fileRef = B1000000000000000000008D; };
		B2000000000000000000008E /* opencore-amr-master/opencore/codecs_v2/audio/gsm_amr/amr_nb/common/src/reorder.cpp in Sources */ = {isa = PBXBuildFile; fileRef = B1000000000000000000008E; };
		B2000000000000000000008F /* opencore-amr-master/opencore/codecs_v2/audio/gsm_amr/amr_nb/common/src/residu.cpp in Sources */ = {isa = PBXBuildFile; fileRef = B1000000000000000000008F; };
		B20000000000000000000090 /* opencore-amr-master/opencore/codecs_v2/audio/gsm_amr/amr_nb/common/src/round.cpp in Sources */ = {isa = PBXBuildFile; fileRef = B10000000000000000000090; };
		B20000000000000000000091 /* opencore-amr-master/opencore/codecs_v2/audio/gsm_amr/amr_nb/common/src/set_zero.cpp in Sources */ = {isa = PBXBuildFile; fileRef = B10000000000000000000091; };
		B20000000000000000000092 /* opencore-amr-master/opencore/codecs_v2/audio/gsm_amr/amr_nb/common/src/shr.cpp in Sources */ = {isa = PBXBuildFile; fileRef = B10000000000000000000092; };
		B20000000000000000000093 /* opencore-amr-master/opencore/codecs_v2/audio/gsm_amr/amr_nb/common/src/shr_r.cpp in Sources */ = {isa = PBXBuildFile; fileRef = B10000000000000000000093; };
		B20000000000000000000094 /* opencore-amr-master/opencore/codecs_v2/audio/gsm_amr/amr_nb/common/src/sqrt_l.cpp in Sources */ = {isa = PBXBuildFile; fileRef = B10000000000000000000094; };
		B20000000000000000000095 /* opencore-amr-master/opencore/codecs_v2/audio/gsm_amr/amr_nb/common/src/sqrt_l_tbl.cpp in Sources */ = {isa = PBXBuildFile; fileRef = B10000000000000000000095; };
		B20000000000000000000096 /* opencore-amr-master/opencore/codecs_v2/audio/gsm_amr/amr_nb/common/src/sub.cpp in Sources */ = {isa = PBXBuildFile; fileRef = B10000000000000000000096; };
		B20000000000000000000097 /* opencore-amr-master/opencore/codecs_v2/audio/gsm_amr/amr_nb/common/src/syn_filt.cpp in Sources */ = {isa = PBXBuildFile; fileRef = B10000000000000000000097; };
		B20000000000000000000098 /* opencore-amr-master/opencore/codecs_v2/audio/gsm_amr/amr_nb/common/src/weight_a.cpp in Sources */ = {isa = PBXBuildFile; fileRef = B10000000000000000000098; };
		B20000000000000000000099 /* opencore-amr-master/opencore/codecs_v2/audio/gsm_amr/amr_nb/common/src/window_tab.cpp in Sources */ = {isa = PBXBuildFile; fileRef = B10000000000000000000099; };
		AAA000000000000000000101 /* J7BridgeApp.swift in Sources */ = {isa = PBXBuildFile; fileRef = AAA000000000000000001001; };
		AAA000000000000000000102 /* AppModel.swift in Sources */ = {isa = PBXBuildFile; fileRef = AAA000000000000000001002; };
		AAA000000000000000000103 /* K7Protocol.swift in Sources */ = {isa = PBXBuildFile; fileRef = AAA000000000000000001003; };
		AAA000000000000000000104 /* BLEManager.swift in Sources */ = {isa = PBXBuildFile; fileRef = AAA000000000000000001004; };
		AAA000000000000000000105 /* CallKitManager.swift in Sources */ = {isa = PBXBuildFile; fileRef = AAA000000000000000001005; };
		AAA000000000000000000106 /* VoiceEngine.swift in Sources */ = {isa = PBXBuildFile; fileRef = AAA000000000000000001006; };
		AAA000000000000000000107 /* ContentView.swift in Sources */ = {isa = PBXBuildFile; fileRef = AAA000000000000000001007; };
		AAA000000000000000000108 /* CallRecord.swift in Sources */ = {isa = PBXBuildFile; fileRef = AAA000000000000000001010; };
		AAA000000000000000000109 /* ContactsManager.swift in Sources */ = {isa = PBXBuildFile; fileRef = AAA000000000000000001011; };
		AAA000000000000000000110 /* NotificationManager.swift in Sources */ = {isa = PBXBuildFile; fileRef = AAA000000000000000001012; };
/* End PBXBuildFile section */

/* PBXFileReference section */
		AAA000000000000000001001 /* J7BridgeApp.swift */ = {isa = PBXFileReference; lastKnownFileType = sourcecode.swift; path = J7BridgeApp.swift; sourceTree = "<group>"; };
		AAA000000000000000001002 /* AppModel.swift */ = {isa = PBXFileReference; lastKnownFileType = sourcecode.swift; path = AppModel.swift; sourceTree = "<group>"; };
		AAA000000000000000001003 /* K7Protocol.swift */ = {isa = PBXFileReference; lastKnownFileType = sourcecode.swift; path = K7Protocol.swift; sourceTree = "<group>"; };
		AAA000000000000000001004 /* BLEManager.swift */ = {isa = PBXFileReference; lastKnownFileType = sourcecode.swift; path = BLEManager.swift; sourceTree = "<group>"; };
		AAA000000000000000001005 /* CallKitManager.swift */ = {isa = PBXFileReference; lastKnownFileType = sourcecode.swift; path = CallKitManager.swift; sourceTree = "<group>"; };
		AAA000000000000000001006 /* VoiceEngine.swift */ = {isa = PBXFileReference; lastKnownFileType = sourcecode.swift; path = VoiceEngine.swift; sourceTree = "<group>"; };
		AAA000000000000000001007 /* ContentView.swift */ = {isa = PBXFileReference; lastKnownFileType = sourcecode.swift; path = ContentView.swift; sourceTree = "<group>"; };
		AAA000000000000000001008 /* Info.plist */ = {isa = PBXFileReference; lastKnownFileType = text.plist.xml; path = Info.plist; sourceTree = "<group>"; };
		AAA000000000000000001009 /* J7Bridge.app */ = {isa = PBXFileReference; explicitFileType = wrapper.application; includeInIndex = 0; path = J7Bridge.app; sourceTree = BUILT_PRODUCTS_DIR; };
		AAA000000000000000001010 /* CallRecord.swift */ = {isa = PBXFileReference; lastKnownFileType = sourcecode.swift; path = CallRecord.swift; sourceTree = "<group>"; };
		AAA000000000000000001011 /* ContactsManager.swift */ = {isa = PBXFileReference; lastKnownFileType = sourcecode.swift; path = ContactsManager.swift; sourceTree = "<group>"; };
		AAA000000000000000001012 /* NotificationManager.swift */ = {isa = PBXFileReference; lastKnownFileType = sourcecode.swift; path = NotificationManager.swift; sourceTree = "<group>"; };
/* End PBXFileReference section */

/* PBXFrameworksBuildPhase section */
		AAA000000000000000002001 /* Frameworks */ = {isa = PBXFrameworksBuildPhase; buildActionMask = 2147483647; files = (); runOnlyForDeploymentPostprocessing = 0; };
/* End PBXFrameworksBuildPhase section */

/* PBXGroup section */
		AAA000000000000000003001 = {isa = PBXGroup; children = (AAA000000000000000001001,AAA000000000000000001002,AAA000000000000000001003,AAA000000000000000001004,AAA000000000000000001005,AAA000000000000000001006,AAA000000000000000001007,AAA000000000000000001008,AAA000000000000000001010,AAA000000000000000001011,AAA000000000000000001012,B10000000000000000000001,B10000000000000000000002,B10000000000000000000003,B10000000000000000000004,B10000000000000000000005,B10000000000000000000006,B10000000000000000000007,B10000000000000000000008,B10000000000000000000009,B1000000000000000000000A,B1000000000000000000000B,B1000000000000000000000C,B1000000000000000000000D,B1000000000000000000000E,B1000000000000000000000F,B10000000000000000000010,B10000000000000000000011,B10000000000000000000012,B10000000000000000000013,B10000000000000000000014,B10000000000000000000015,B10000000000000000000016,B10000000000000000000017,B10000000000000000000018,B10000000000000000000019,B1000000000000000000001A,B1000000000000000000001B,B1000000000000000000001C,B1000000000000000000001D,B1000000000000000000001E,B1000000000000000000001F,B10000000000000000000020,B10000000000000000000021,B10000000000000000000022,B10000000000000000000023,B10000000000000000000024,B10000000000000000000025,B10000000000000000000026,B10000000000000000000027,B10000000000000000000028,B10000000000000000000029,B1000000000000000000002A,B1000000000000000000002B,B1000000000000000000002C,B1000000000000000000002D,B1000000000000000000002E,B1000000000000000000002F,B10000000000000000000030,B10000000000000000000031,B10000000000000000000032,B10000000000000000000033,B10000000000000000000034,B10000000000000000000035,B10000000000000000000036,B10000000000000000000037,B10000000000000000000038,B10000000000000000000039,B1000000000000000000003A,B1000000000000000000003B,B1000000000000000000003C,B1000000000000000000003D,B1000000000000000000003E,B1000000000000000000003F,B10000000000000000000040,B10000000000000000000041,B10000000000000000000042,B10000000000000000000043,B10000000000000000000044,B10000000000000000000045,B10000000000000000000046,B10000000000000000000047,B10000000000000000000048,B10000000000000000000049,B1000000000000000000004A,B1000000000000000000004B,B1000000000000000000004C,B1000000000000000000004D,B1000000000000000000004E,B1000000000000000000004F,B10000000000000000000050,B10000000000000000000051,B10000000000000000000052,B10000000000000000000053,B10000000000000000000054,B10000000000000000000055,B10000000000000000000056,B10000000000000000000057,B10000000000000000000058,B10000000000000000000059,B1000000000000000000005A,B1000000000000000000005B,B1000000000000000000005C,B1000000000000000000005D,B1000000000000000000005E,B1000000000000000000005F,B10000000000000000000060,B10000000000000000000061,B10000000000000000000062,B10000000000000000000063,B10000000000000000000064,B10000000000000000000065,B10000000000000000000066,B10000000000000000000067,B10000000000000000000068,B10000000000000000000069,B1000000000000000000006A,B1000000000000000000006B,B1000000000000000000006C,B1000000000000000000006D,B1000000000000000000006E,B1000000000000000000006F,B10000000000000000000070,B10000000000000000000071,B10000000000000000000072,B10000000000000000000073,B10000000000000000000074,B10000000000000000000075,B10000000000000000000076,B10000000000000000000077,B10000000000000000000078,B10000000000000000000079,B1000000000000000000007A,B1000000000000000000007B,B1000000000000000000007C,B1000000000000000000007D,B1000000000000000000007E,B1000000000000000000007F,B10000000000000000000080,B10000000000000000000081,B10000000000000000000082,B10000000000000000000083,B10000000000000000000084,B10000000000000000000085,B10000000000000000000086,B10000000000000000000087,B10000000000000000000088,B10000000000000000000089,B1000000000000000000008A,B1000000000000000000008B,B1000000000000000000008C,B1000000000000000000008D,B1000000000000000000008E,B1000000000000000000008F,B10000000000000000000090,B10000000000000000000091,B10000000000000000000092,B10000000000000000000093,B10000000000000000000094,B10000000000000000000095,B10000000000000000000096,B10000000000000000000097,B10000000000000000000098,B10000000000000000000099,B30000000000000000000001,B30000000000000000000002); path = J7Bridge; sourceTree = "<group>"; };
		AAA000000000000000003002 = {isa = PBXGroup; children = (AAA000000000000000003001); sourceTree = "<group>"; };
		AAA000000000000000003003 /* Products */ = {isa = PBXGroup; children = (AAA000000000000000001009); name = Products; sourceTree = "<group>"; };
/* End PBXGroup section */

/* PBXNativeTarget section */
		AAA000000000000000004001 /* J7Bridge */ = {isa = PBXNativeTarget; buildConfigurationList = AAA000000000000000006001; buildPhases = (AAA000000000000000002002,AAA000000000000000002001,AAA000000000000000002003); buildRules = (); dependencies = (); name = J7Bridge; productName = J7Bridge; productReference = AAA000000000000000001009; productType = "com.apple.product-type.application"; };
/* End PBXNativeTarget section */

/* PBXProject section */
		AAA000000000000000005001 /* Project object */ = {isa = PBXProject; attributes = { LastUpgradeCheck = 1600; TargetAttributes = { AAA000000000000000004001 = { CreatedOnToolsVersion = 16.0; }; }; }; buildConfigurationList = AAA000000000000000006002; compatibilityVersion = "Xcode 3.2"; developmentRegion = en; hasScannedForEncodings = 0; knownRegions = (en,tr); mainGroup = AAA000000000000000003002; productRefGroup = AAA000000000000000003003; projectDirPath = ""; projectRoot = ""; targets = (AAA000000000000000004001); };
/* End PBXProject section */

/* PBXResourcesBuildPhase section */
		AAA000000000000000002003 /* Resources */ = {isa = PBXResourcesBuildPhase; buildActionMask = 2147483647; files = (); runOnlyForDeploymentPostprocessing = 0; };
/* End PBXResourcesBuildPhase section */

/* PBXSourcesBuildPhase section */
		AAA000000000000000002002 /* Sources */ = {isa = PBXSourcesBuildPhase; buildActionMask = 2147483647; files = (AAA000000000000000000101,AAA000000000000000000102,AAA000000000000000000103,AAA000000000000000000104,AAA000000000000000000105,AAA000000000000000000106,AAA000000000000000000107,AAA000000000000000000108,AAA000000000000000000109,AAA000000000000000000110,B20000000000000000000001,B20000000000000000000002,B20000000000000000000003,B20000000000000000000004,B20000000000000000000005,B20000000000000000000006,B20000000000000000000007,B20000000000000000000008,B20000000000000000000009,B2000000000000000000000A,B2000000000000000000000B,B2000000000000000000000C,B2000000000000000000000D,B2000000000000000000000E,B2000000000000000000000F,B20000000000000000000010,B20000000000000000000011,B20000000000000000000012,B20000000000000000000013,B20000000000000000000014,B20000000000000000000015,B20000000000000000000016,B20000000000000000000017,B20000000000000000000018,B20000000000000000000019,B2000000000000000000001A,B2000000000000000000001B,B2000000000000000000001C,B2000000000000000000001D,B2000000000000000000001E,B2000000000000000000001F,B20000000000000000000020,B20000000000000000000021,B20000000000000000000022,B20000000000000000000023,B20000000000000000000024,B20000000000000000000025,B20000000000000000000026,B20000000000000000000027,B20000000000000000000028,B20000000000000000000029,B2000000000000000000002A,B2000000000000000000002B,B2000000000000000000002C,B2000000000000000000002D,B2000000000000000000002E,B2000000000000000000002F,B20000000000000000000030,B20000000000000000000031,B20000000000000000000032,B20000000000000000000033,B20000000000000000000034,B20000000000000000000035,B20000000000000000000036,B20000000000000000000037,B20000000000000000000038,B20000000000000000000039,B2000000000000000000003A,B2000000000000000000003B,B2000000000000000000003C,B2000000000000000000003D,B2000000000000000000003E,B2000000000000000000003F,B20000000000000000000040,B20000000000000000000041,B20000000000000000000042,B20000000000000000000043,B20000000000000000000044,B20000000000000000000045,B20000000000000000000046,B20000000000000000000047,B20000000000000000000048,B20000000000000000000049,B2000000000000000000004A,B2000000000000000000004B,B2000000000000000000004C,B2000000000000000000004D,B2000000000000000000004E,B2000000000000000000004F,B20000000000000000000050,B20000000000000000000051,B20000000000000000000052,B20000000000000000000053,B20000000000000000000054,B20000000000000000000055,B20000000000000000000056,B20000000000000000000057,B20000000000000000000058,B20000000000000000000059,B2000000000000000000005A,B2000000000000000000005B,B2000000000000000000005C,B2000000000000000000005D,B2000000000000000000005E,B2000000000000000000005F,B20000000000000000000060,B20000000000000000000061,B20000000000000000000062,B20000000000000000000063,B20000000000000000000064,B20000000000000000000065,B20000000000000000000066,B20000000000000000000067,B20000000000000000000068,B20000000000000000000069,B2000000000000000000006A,B2000000000000000000006B,B2000000000000000000006C,B2000000000000000000006D,B2000000000000000000006E,B2000000000000000000006F,B20000000000000000000070,B20000000000000000000071,B20000000000000000000072,B20000000000000000000073,B20000000000000000000074,B20000000000000000000075,B20000000000000000000076,B20000000000000000000077,B20000000000000000000078,B20000000000000000000079,B2000000000000000000007A,B2000000000000000000007B,B2000000000000000000007C,B2000000000000000000007D,B2000000000000000000007E,B2000000000000000000007F,B20000000000000000000080,B20000000000000000000081,B20000000000000000000082,B20000000000000000000083,B20000000000000000000084,B20000000000000000000085,B20000000000000000000086,B20000000000000000000087,B20000000000000000000088,B20000000000000000000089,B2000000000000000000008A,B2000000000000000000008B,B2000000000000000000008C,B2000000000000000000008D,B2000000000000000000008E,B2000000000000000000008F,B20000000000000000000090,B20000000000000000000091,B20000000000000000000092,B20000000000000000000093,B20000000000000000000094,B20000000000000000000095,B20000000000000000000096,B20000000000000000000097,B20000000000000000000098,B20000000000000000000099); runOnlyForDeploymentPostprocessing = 0; };
/* End PBXSourcesBuildPhase section */

/* XCBuildConfiguration section */
		AAA000000000000000007001 /* Debug */ = {isa = XCBuildConfiguration; buildSettings = { PRODUCT_BUNDLE_IDENTIFIER = com.ugur.j7bridge; SWIFT_OBJC_BRIDGING_HEADER = J7Bridge/J7Bridge-Bridging-Header.h; HEADER_SEARCH_PATHS = "$(PROJECT_DIR)/J7Bridge/OpenCoreAMR/opencore-amr-master/**"; CLANG_CXX_LANGUAGE_STANDARD = c++14; CLANG_CXX_LIBRARY = libc++; SWIFT_VERSION = 5.0; IPHONEOS_DEPLOYMENT_TARGET = 16.0; INFOPLIST_FILE = J7Bridge/Info.plist; TARGETED_DEVICE_FAMILY = "1"; GENERATE_INFOPLIST_FILE = NO; SDKROOT = iphoneos; SWIFT_EMIT_LOC_STRINGS = YES; }; name = Debug; };
		AAA000000000000000007002 /* Release */ = {isa = XCBuildConfiguration; buildSettings = { PRODUCT_BUNDLE_IDENTIFIER = com.ugur.j7bridge; SWIFT_OBJC_BRIDGING_HEADER = J7Bridge/J7Bridge-Bridging-Header.h; HEADER_SEARCH_PATHS = "$(PROJECT_DIR)/J7Bridge/OpenCoreAMR/opencore-amr-master/**"; CLANG_CXX_LANGUAGE_STANDARD = c++14; CLANG_CXX_LIBRARY = libc++; SWIFT_VERSION = 5.0; IPHONEOS_DEPLOYMENT_TARGET = 16.0; INFOPLIST_FILE = J7Bridge/Info.plist; TARGETED_DEVICE_FAMILY = "1"; GENERATE_INFOPLIST_FILE = NO; SDKROOT = iphoneos; SWIFT_EMIT_LOC_STRINGS = YES; }; name = Release; };
/* End XCBuildConfiguration section */

/* XCConfigurationList section */
		AAA000000000000000006001 /* Target */ = {isa = XCConfigurationList; buildConfigurations = (AAA000000000000000007001,AAA000000000000000007002); defaultConfigurationIsVisible = 0; defaultConfigurationName = Release; };
		AAA000000000000000006002 /* Project */ = {isa = XCConfigurationList; buildConfigurations = (AAA000000000000000007001,AAA000000000000000007002); defaultConfigurationIsVisible = 0; defaultConfigurationName = Release; };
/* End XCConfigurationList section */
	};
	rootObject = AAA000000000000000005001;
}
